
Microsoft Visual Studio Solution File, Format Version 12.00
# Visual Studio 15
VisualStudioVersion = 15.0.27703.2035
MinimumVisualStudioVersion = 10.0.40219.1
Project("{FAE04EC0-301F-11D3-BF4B-00C04F79EFBC}") = "rydavidson.Accela.Utilities", "rydavidson.AA.Utilities\rydavidson.Accela.Utilities.csproj", "{4C3CAB0A-5280-4571-85B4-AB9464C2BB49}"
EndProject
Global
	GlobalSection(SolutionConfigurationPlatforms) = preSolution
		Debug|Any CPU = Debug|Any CPU
		Release|Any CPU = Release|Any CPU
	EndGlobalSection
	GlobalSection(ProjectConfigurationPlatforms) = postSolution
		{4C3CAB0A-5280-4571-85B4-AB9464C2BB49}.Debug|Any CPU.ActiveCfg = Debug|Any CPU
		{4C3CAB0A-5280-4571-85B4-AB9464C2BB49}.Debug|Any CPU.Build.0 = Debug|Any CPU
		{4C3CAB0A-5280-4571-85B4-AB9464C2BB49}.Release|Any CPU.ActiveCfg = Release|Any CPU
		{4C3CAB0A-5280-4571-85B4-AB9464C2BB49}.Release|Any CPU.Build.0 = Release|Any CPU
	EndGlobalSection
	GlobalSection(SolutionProperties) = preSolution
		HideSolutionNode = FALSE
	EndGlobalSection
	GlobalSection(ExtensibilityGlobals) = postSolution
		SolutionGuid = {93E27F3A-8241-4CA1-90FE-A22EFEA6301B}
	EndGlobalSection
EndGlobal
